{
  "name": "q-sig-navbar",
  "version": "1.0.0",
  "lockfileVersion": 1,
  "requires": true,
  "dependencies": {
    "q-sig-button": {
      "version": "1.0.3",
      "resolved": "https://registry.npmjs.org/q-sig-button/-/q-sig-button-1.0.3.tgz",
      "integrity": "sha512-7HVcUSaeLpSfKHqD3onAuzUaLmH4OldyHZnJx/wHtch/JIA7Z8ag3TbMfprY0CLWZo9uUu9jMjo8r6Ych+SdEg=="
    }
  }
}
